lockfileVersion: '9.0'

settings:
  autoInstallPeers: true
  excludeLinksFromLockfile: false

importers:

  .:
    dependencies:
      monaco-editor:
        specifier: ^0.55.1
        version: 0.55.1

packages:

  '@types/trusted-types@2.0.7':
    resolution: {integrity: sha512-ScaPdn1dQczgbl0QFTeTOmVHFULt394XJgOQNoyVhZ6r2vLnMLJfBPd53SB52T/3G36VI1/g2MZaX0cwDuXsfw==}

  dompurify@3.2.7:
    resolution: {integrity: sha512-WhL/YuveyGXJaerVlMYGWhvQswa7myDG17P7Vu65EWC05o8vfeNbvNf4d/BOvH99+ZW+LlQsc1GDKMa1vNK6dw==}

  marked@14.0.0:
    resolution: {integrity: sha512-uIj4+faQ+MgHgwUW1l2PsPglZLOLOT1uErt06dAPtx2kjteLAkbsd/0FiYg/MGS+i7ZKLb7w2WClxHkzOOuryQ==}
    engines: {node: '>= 18'}
    hasBin: true

  monaco-editor@0.55.1:
    resolution: {integrity: sha512-jz4x+TJNFHwHtwuV9vA9rMujcZRb0CEilTEwG2rRSpe/A7Jdkuj8xPKttCgOh+v/lkHy7HsZ64oj+q3xoAFl9A==}

snapshots:

  '@types/trusted-types@2.0.7':
    optional: true

  dompurify@3.2.7:
    optionalDependencies:
      '@types/trusted-types': 2.0.7

  marked@14.0.0: {}

  monaco-editor@0.55.1:
    dependencies:
      dompurify: 3.2.7
      marked: 14.0.0
